
Microsoft Visual Studio Solution File, Format Version 12.00
# Visual Studio Version 17
VisualStudioVersion = 17.4.33213.308
MinimumVisualStudioVersion = 10.0.40219.1
Project("{9A19103F-16F7-4668-BE54-9A1E7A4F7556}") = "DavidAlmkvistUppg3.Server", "DavidAlmkvistUppg3\Server\DavidAlmkvistUppg3.Server.csproj", "{827C2BC4-2837-4A30-A858-C03BD6E2868C}"
EndProject
Project("{9A19103F-16F7-4668-BE54-9A1E7A4F7556}") = "DavidAlmkvistUppg3.Client", "DavidAlmkvistUppg3\Client\DavidAlmkvistUppg3.Client.csproj", "{43CE02A3-08B3-4787-B3BD-B15EED9BC380}"
EndProject
Project("{9A19103F-16F7-4668-BE54-9A1E7A4F7556}") = "DavidAlmkvistUppg3.Shared", "DavidAlmkvistUppg3\Shared\DavidAlmkvistUppg3.Shared.csproj", "{79A6C306-C953-4CAB-BC3A-CAE2D2748A2F}"
EndProject
Global
	GlobalSection(SolutionConfigurationPlatforms) = preSolution
		Debug|Any CPU = Debug|Any CPU
		Release|Any CPU = Release|Any CPU
	EndGlobalSection
	GlobalSection(ProjectConfigurationPlatforms) = postSolution
		{827C2BC4-2837-4A30-A858-C03BD6E2868C}.Debug|Any CPU.ActiveCfg = Debug|Any CPU
		{827C2BC4-2837-4A30-A858-C03BD6E2868C}.Debug|Any CPU.Build.0 = Debug|Any CPU
		{827C2BC4-2837-4A30-A858-C03BD6E2868C}.Release|Any CPU.ActiveCfg = Release|Any CPU
		{827C2BC4-2837-4A30-A858-C03BD6E2868C}.Release|Any CPU.Build.0 = Release|Any CPU
		{43CE02A3-08B3-4787-B3BD-B15EED9BC380}.Debug|Any CPU.ActiveCfg = Debug|Any CPU
		{43CE02A3-08B3-4787-B3BD-B15EED9BC380}.Debug|Any CPU.Build.0 = Debug|Any CPU
		{43CE02A3-08B3-4787-B3BD-B15EED9BC380}.Release|Any CPU.ActiveCfg = Release|Any CPU
		{43CE02A3-08B3-4787-B3BD-B15EED9BC380}.Release|Any CPU.Build.0 = Release|Any CPU
		{79A6C306-C953-4CAB-BC3A-CAE2D2748A2F}.Debug|Any CPU.ActiveCfg = Debug|Any CPU
		{79A6C306-C953-4CAB-BC3A-CAE2D2748A2F}.Debug|Any CPU.Build.0 = Debug|Any CPU
		{79A6C306-C953-4CAB-BC3A-CAE2D2748A2F}.Release|Any CPU.ActiveCfg = Release|Any CPU
		{79A6C306-C953-4CAB-BC3A-CAE2D2748A2F}.Release|Any CPU.Build.0 = Release|Any CPU
	EndGlobalSection
	GlobalSection(SolutionProperties) = preSolution
		HideSolutionNode = FALSE
	EndGlobalSection
	GlobalSection(ExtensibilityGlobals) = postSolution
		SolutionGuid = {2F2F7AF0-ACA3-4564-A9AB-D281A7111FA5}
	EndGlobalSection
EndGlobal
